
Microsoft Visual Studio Solution File, Format Version 12.00
# Visual Studio Version 17
VisualStudioVersion = 17.7.34009.444
MinimumVisualStudioVersion = 10.0.40219.1
Project("{9A19103F-16F7-4668-BE54-9A1E7A4F7556}") = "ConsoleApp", "ConsoleApp\ConsoleApp.csproj", "{C6E14961-9123-4E58-B75B-133A38CCDBAA}"
EndProject
Project("{9A19103F-16F7-4668-BE54-9A1E7A4F7556}") = "WebApp", "WebApp\WebApp.csproj", "{8F7DC2F2-B061-4E6D-9B64-0C8036A0C0B8}"
EndProject
Project("{FAE04EC0-301F-11D3-BF4B-00C04F79EFBC}") = "WebAppV5", "WebAppV5\WebAppV5.csproj", "{591C5C8E-8E4C-4298-ABAA-6AFE66C5A955}"
EndProject
Project("{FAE04EC0-301F-11D3-BF4B-00C04F79EFBC}") = "WebApp.Routing", "WebApp.Routing\WebApp.Routing.csproj", "{CDD40B28-99CD-4A77-A703-586C20BFED74}"
EndProject
Project("{FAE04EC0-301F-11D3-BF4B-00C04F79EFBC}") = "Models", "Models\Models.csproj", "{1E472391-771B-4929-B0EC-31C43ADAEF4C}"
EndProject
Project("{FAE04EC0-301F-11D3-BF4B-00C04F79EFBC}") = "Services.Interfaces", "Services.Interfaces\Services.Interfaces.csproj", "{748BB82E-650F-47FA-8596-48E25A34C6AA}"
EndProject
Project("{FAE04EC0-301F-11D3-BF4B-00C04F79EFBC}") = "Services.Bogus", "Services.Bogus\Services.Bogus.csproj", "{A73EDE59-09AD-4CE1-A697-435F0C1E6617}"
EndProject
Project("{FAE04EC0-301F-11D3-BF4B-00C04F79EFBC}") = "CrudWebApp", "CrudWebApp\CrudWebApp.csproj", "{FCAC4B8B-9230-41E1-90EC-3B04131FCD2C}"
EndProject
Project("{FAE04EC0-301F-11D3-BF4B-00C04F79EFBC}") = "WebAppMVC", "WebAppMVC\WebAppMVC.csproj", "{99DA20D2-BF6C-4811-980B-1D0C8E465D8C}"
EndProject
Project("{F184B08F-C81C-45F6-A57F-5ABD9991F28F}") = "test", "test\test.vbproj", "{79CE716E-664D-4454-BB0F-C836791DF2E7}"
EndProject
Project("{FAE04EC0-301F-11D3-BF4B-00C04F79EFBC}") = "DAL.DbFirst", "DAL.DbFirst\DAL.DbFirst.csproj", "{DFC6ABA3-AA05-4A6F-A6C0-A420A3B3E2EA}"
EndProject
Project("{FAE04EC0-301F-11D3-BF4B-00C04F79EFBC}") = "WebAppRazor", "WebAppRazor\WebAppRazor.csproj", "{1EA3F0C4-4402-4AC9-880B-2E044A2AF394}"
EndProject
Global
	GlobalSection(SolutionConfigurationPlatforms) = preSolution
		Debug|Any CPU = Debug|Any CPU
		Release|Any CPU = Release|Any CPU
	EndGlobalSection
	GlobalSection(ProjectConfigurationPlatforms) = postSolution
		{C6E14961-9123-4E58-B75B-133A38CCDBAA}.Debug|Any CPU.ActiveCfg = Debug|Any CPU
		{C6E14961-9123-4E58-B75B-133A38CCDBAA}.Debug|Any CPU.Build.0 = Debug|Any CPU
		{C6E14961-9123-4E58-B75B-133A38CCDBAA}.Release|Any CPU.ActiveCfg = Release|Any CPU
		{C6E14961-9123-4E58-B75B-133A38CCDBAA}.Release|Any CPU.Build.0 = Release|Any CPU
		{8F7DC2F2-B061-4E6D-9B64-0C8036A0C0B8}.Debug|Any CPU.ActiveCfg = Debug|Any CPU
		{8F7DC2F2-B061-4E6D-9B64-0C8036A0C0B8}.Debug|Any CPU.Build.0 = Debug|Any CPU
		{8F7DC2F2-B061-4E6D-9B64-0C8036A0C0B8}.Release|Any CPU.ActiveCfg = Release|Any CPU
		{8F7DC2F2-B061-4E6D-9B64-0C8036A0C0B8}.Release|Any CPU.Build.0 = Release|Any CPU
		{591C5C8E-8E4C-4298-ABAA-6AFE66C5A955}.Debug|Any CPU.ActiveCfg = Debug|Any CPU
		{591C5C8E-8E4C-4298-ABAA-6AFE66C5A955}.Debug|Any CPU.Build.0 = Debug|Any CPU
		{591C5C8E-8E4C-4298-ABAA-6AFE66C5A955}.Release|Any CPU.ActiveCfg = Release|Any CPU
		{591C5C8E-8E4C-4298-ABAA-6AFE66C5A955}.Release|Any CPU.Build.0 = Release|Any CPU
		{CDD40B28-99CD-4A77-A703-586C20BFED74}.Debug|Any CPU.ActiveCfg = Debug|Any CPU
		{CDD40B28-99CD-4A77-A703-586C20BFED74}.Debug|Any CPU.Build.0 = Debug|Any CPU
		{CDD40B28-99CD-4A77-A703-586C20BFED74}.Release|Any CPU.ActiveCfg = Release|Any CPU
		{CDD40B28-99CD-4A77-A703-586C20BFED74}.Release|Any CPU.Build.0 = Release|Any CPU
		{1E472391-771B-4929-B0EC-31C43ADAEF4C}.Debug|Any CPU.ActiveCfg = Debug|Any CPU
		{1E472391-771B-4929-B0EC-31C43ADAEF4C}.Debug|Any CPU.Build.0 = Debug|Any CPU
		{1E472391-771B-4929-B0EC-31C43ADAEF4C}.Release|Any CPU.ActiveCfg = Release|Any CPU
		{1E472391-771B-4929-B0EC-31C43ADAEF4C}.Release|Any CPU.Build.0 = Release|Any CPU
		{748BB82E-650F-47FA-8596-48E25A34C6AA}.Debug|Any CPU.ActiveCfg = Debug|Any CPU
		{748BB82E-650F-47FA-8596-48E25A34C6AA}.Debug|Any CPU.Build.0 = Debug|Any CPU
		{748BB82E-650F-47FA-8596-48E25A34C6AA}.Release|Any CPU.ActiveCfg = Release|Any CPU
		{748BB82E-650F-47FA-8596-48E25A34C6AA}.Release|Any CPU.Build.0 = Release|Any CPU
		{A73EDE59-09AD-4CE1-A697-435F0C1E6617}.Debug|Any CPU.ActiveCfg = Debug|Any CPU
		{A73EDE59-09AD-4CE1-A697-435F0C1E6617}.Debug|Any CPU.Build.0 = Debug|Any CPU
		{A73EDE59-09AD-4CE1-A697-435F0C1E6617}.Release|Any CPU.ActiveCfg = Release|Any CPU
		{A73EDE59-09AD-4CE1-A697-435F0C1E6617}.Release|Any CPU.Build.0 = Release|Any CPU
		{FCAC4B8B-9230-41E1-90EC-3B04131FCD2C}.Debug|Any CPU.ActiveCfg = Debug|Any CPU
		{FCAC4B8B-9230-41E1-90EC-3B04131FCD2C}.Debug|Any CPU.Build.0 = Debug|Any CPU
		{FCAC4B8B-9230-41E1-90EC-3B04131FCD2C}.Release|Any CPU.ActiveCfg = Release|Any CPU
		{FCAC4B8B-9230-41E1-90EC-3B04131FCD2C}.Release|Any CPU.Build.0 = Release|Any CPU
		{99DA20D2-BF6C-4811-980B-1D0C8E465D8C}.Debug|Any CPU.ActiveCfg = Debug|Any CPU
		{99DA20D2-BF6C-4811-980B-1D0C8E465D8C}.Debug|Any CPU.Build.0 = Debug|Any CPU
		{99DA20D2-BF6C-4811-980B-1D0C8E465D8C}.Release|Any CPU.ActiveCfg = Release|Any CPU
		{99DA20D2-BF6C-4811-980B-1D0C8E465D8C}.Release|Any CPU.Build.0 = Release|Any CPU
		{79CE716E-664D-4454-BB0F-C836791DF2E7}.Debug|Any CPU.ActiveCfg = Debug|Any CPU
		{79CE716E-664D-4454-BB0F-C836791DF2E7}.Debug|Any CPU.Build.0 = Debug|Any CPU
		{79CE716E-664D-4454-BB0F-C836791DF2E7}.Release|Any CPU.ActiveCfg = Release|Any CPU
		{79CE716E-664D-4454-BB0F-C836791DF2E7}.Release|Any CPU.Build.0 = Release|Any CPU
		{DFC6ABA3-AA05-4A6F-A6C0-A420A3B3E2EA}.Debug|Any CPU.ActiveCfg = Debug|Any CPU
		{DFC6ABA3-AA05-4A6F-A6C0-A420A3B3E2EA}.Debug|Any CPU.Build.0 = Debug|Any CPU
		{DFC6ABA3-AA05-4A6F-A6C0-A420A3B3E2EA}.Release|Any CPU.ActiveCfg = Release|Any CPU
		{DFC6ABA3-AA05-4A6F-A6C0-A420A3B3E2EA}.Release|Any CPU.Build.0 = Release|Any CPU
		{1EA3F0C4-4402-4AC9-880B-2E044A2AF394}.Debug|Any CPU.ActiveCfg = Debug|Any CPU
		{1EA3F0C4-4402-4AC9-880B-2E044A2AF394}.Debug|Any CPU.Build.0 = Debug|Any CPU
		{1EA3F0C4-4402-4AC9-880B-2E044A2AF394}.Release|Any CPU.ActiveCfg = Release|Any CPU
		{1EA3F0C4-4402-4AC9-880B-2E044A2AF394}.Release|Any CPU.Build.0 = Release|Any CPU
	EndGlobalSection
	GlobalSection(SolutionProperties) = preSolution
		HideSolutionNode = FALSE
	EndGlobalSection
	GlobalSection(ExtensibilityGlobals) = postSolution
		SolutionGuid = {5EF28BFA-73A9-4752-AFCD-FF6748FBF58C}
	EndGlobalSection
EndGlobal
